
Microsoft Visual Studio Solution File, Format Version 12.00
# Visual Studio 2015
Project("{FAE04EC0-301F-11D3-BF4B-00C04F79EFBC}") = "Rubiks-Cube-Unity.CSharp", "Rubiks-Cube-Unity.CSharp.csproj", "{CD1A54BE-BF65-6234-3C6F-024753958A11}"
EndProject
Global
	GlobalSection(SolutionConfigurationPlatforms) = preSolution
		Debug|Any CPU = Debug|Any CPU
		Release|Any CPU = Release|Any CPU
	EndGlobalSection
	GlobalSection(ProjectConfigurationPlatforms) = postSolution
		{CD1A54BE-BF65-6234-3C6F-024753958A11}.Debug|Any CPU.ActiveCfg = Debug|Any CPU
		{CD1A54BE-BF65-6234-3C6F-024753958A11}.Debug|Any CPU.Build.0 = Debug|Any CPU
		{CD1A54BE-BF65-6234-3C6F-024753958A11}.Release|Any CPU.ActiveCfg = Release|Any CPU
		{CD1A54BE-BF65-6234-3C6F-024753958A11}.Release|Any CPU.Build.0 = Release|Any CPU
	EndGlobalSection
	GlobalSection(SolutionProperties) = preSolution
		HideSolutionNode = FALSE
	EndGlobalSection
EndGlobal
